
Microsoft Visual Studio Solution File, Format Version 12.00
# Visual Studio 15
VisualStudioVersion = 15.0.28307.329
MinimumVisualStudioVersion = 10.0.40219.1
Project("{FAE04EC0-301F-11D3-BF4B-00C04F79EFBC}") = "AuralAlertsWarThunder", "AuralAlertsWarThunder\AuralAlertsWarThunder.csproj", "{77F412F3-A090-41E6-9BBF-1238A4685BDD}"
EndProject
Global
	GlobalSection(SolutionConfigurationPlatforms) = preSolution
		Debug|Any CPU = Debug|Any CPU
		Release|Any CPU = Release|Any CPU
	EndGlobalSection
	GlobalSection(ProjectConfigurationPlatforms) = postSolution
		{77F412F3-A090-41E6-9BBF-1238A4685BDD}.Debug|Any CPU.ActiveCfg = Debug|Any CPU
		{77F412F3-A090-41E6-9BBF-1238A4685BDD}.Debug|Any CPU.Build.0 = Debug|Any CPU
		{77F412F3-A090-41E6-9BBF-1238A4685BDD}.Release|Any CPU.ActiveCfg = Release|Any CPU
		{77F412F3-A090-41E6-9BBF-1238A4685BDD}.Release|Any CPU.Build.0 = Release|Any CPU
	EndGlobalSection
	GlobalSection(SolutionProperties) = preSolution
		HideSolutionNode = FALSE
	EndGlobalSection
	GlobalSection(ExtensibilityGlobals) = postSolution
		SolutionGuid = {86BFBB85-1AFB-45F6-B48C-6E9AB751011E}
	EndGlobalSection
EndGlobal
